github.com/diamondburned/gotk4/pkg v0.0.0-20220710062157-eb4a158b054c h1:8ocvILdUCRc2RcuIFrIczA5kylcuWaEl/Phh6lX6JpU=
github.com/diamondburned/gotk4/pkg v0.0.0-20220710062157-eb4a158b054c/go.mod h1:rLH6FHos690jFgAM/GYEpMykuE/9NmN6zOvFlr8JTvE=
go4.org/unsafe/assume-no-moving-gc v0.0.0-20220617031537-928513b29760 h1:FyBZqvoA/jbNzuAWLQE2kG820zMAkcilx6BMjGbL/E4=
go4.org/unsafe/assume-no-moving-gc v0.0.0-20220617031537-928513b29760/go.mod h1:FftLjUGFEDu5k8lt0ddY+HcrH/qU/0qk+H8j9/nTl3E=
golang.org/x/sync v0.0.0-20220601150217-0de741cfad7f h1:Ax0t5p6N38Ga0dThY21weqDEyz2oklo4IvDkpigvkD8=
golang.org/x/sync v0.0.0-20220601150217-0de741cfad7f/go.mod h1:RxMgew5VJxzue5/jJTE5uejpjVlOe/izrB70Jof72aM=
